
Microsoft Visual Studio Solution File, Format Version 12.00
# Visual Studio Version 17
VisualStudioVersion = 17.0.31903.59
MinimumVisualStudioVersion = 10.0.40219.1
Project("{2150E333-8FDC-42A3-9474-1A3956D46DE8}") = "src", "src", "{794C8D2B-C344-41B3-9B80-94BB3966E3DD}"
EndProject
Project("{9A19103F-16F7-4668-BE54-9A1E7A4F7556}") = "Hadron.EntityFramework", "src\Hadron.EntityFramework\Hadron.EntityFramework.csproj", "{5519BF67-C87B-4039-806A-15190EAFDE28}"
EndProject
Project("{9A19103F-16F7-4668-BE54-9A1E7A4F7556}") = "Hadron.Domain", "src\Hadron.Domain\Hadron.Domain.csproj", "{BD7F0675-BF83-4F8C-B55E-FA28882F46D8}"
EndProject
Project("{9A19103F-16F7-4668-BE54-9A1E7A4F7556}") = "Hadron.Generator", "src\Hadron.Generator\Hadron.Generator.csproj", "{FC6FCF85-C852-4496-92AC-10214FC74783}"
EndProject
Project("{2150E333-8FDC-42A3-9474-1A3956D46DE8}") = "_root", "_root", "{DFB86F64-163E-4F66-87AF-A87201296DCD}"
	ProjectSection(SolutionItems) = preProject
		.editorconfig = .editorconfig
		.gitignore = .gitignore
		Directory.Build.props = Directory.Build.props
	EndProjectSection
EndProject
Project("{9A19103F-16F7-4668-BE54-9A1E7A4F7556}") = "Hadron.Core", "src\Hadron.Core\Hadron.Core.csproj", "{79D4A89F-165B-4541-8EDB-85C1F9EF5C63}"
EndProject
Global
	GlobalSection(SolutionConfigurationPlatforms) = preSolution
		Debug|Any CPU = Debug|Any CPU
		Release|Any CPU = Release|Any CPU
	EndGlobalSection
	GlobalSection(ProjectConfigurationPlatforms) = postSolution
		{5519BF67-C87B-4039-806A-15190EAFDE28}.Debug|Any CPU.ActiveCfg = Debug|Any CPU
		{5519BF67-C87B-4039-806A-15190EAFDE28}.Debug|Any CPU.Build.0 = Debug|Any CPU
		{5519BF67-C87B-4039-806A-15190EAFDE28}.Release|Any CPU.ActiveCfg = Release|Any CPU
		{5519BF67-C87B-4039-806A-15190EAFDE28}.Release|Any CPU.Build.0 = Release|Any CPU
		{BD7F0675-BF83-4F8C-B55E-FA28882F46D8}.Debug|Any CPU.ActiveCfg = Debug|Any CPU
		{BD7F0675-BF83-4F8C-B55E-FA28882F46D8}.Debug|Any CPU.Build.0 = Debug|Any CPU
		{BD7F0675-BF83-4F8C-B55E-FA28882F46D8}.Release|Any CPU.ActiveCfg = Release|Any CPU
		{BD7F0675-BF83-4F8C-B55E-FA28882F46D8}.Release|Any CPU.Build.0 = Release|Any CPU
		{FC6FCF85-C852-4496-92AC-10214FC74783}.Debug|Any CPU.ActiveCfg = Debug|Any CPU
		{FC6FCF85-C852-4496-92AC-10214FC74783}.Debug|Any CPU.Build.0 = Debug|Any CPU
		{FC6FCF85-C852-4496-92AC-10214FC74783}.Release|Any CPU.ActiveCfg = Release|Any CPU
		{FC6FCF85-C852-4496-92AC-10214FC74783}.Release|Any CPU.Build.0 = Release|Any CPU
		{79D4A89F-165B-4541-8EDB-85C1F9EF5C63}.Debug|Any CPU.ActiveCfg = Debug|Any CPU
		{79D4A89F-165B-4541-8EDB-85C1F9EF5C63}.Debug|Any CPU.Build.0 = Debug|Any CPU
		{79D4A89F-165B-4541-8EDB-85C1F9EF5C63}.Release|Any CPU.ActiveCfg = Release|Any CPU
		{79D4A89F-165B-4541-8EDB-85C1F9EF5C63}.Release|Any CPU.Build.0 = Release|Any CPU
	EndGlobalSection
	GlobalSection(SolutionProperties) = preSolution
		HideSolutionNode = FALSE
	EndGlobalSection
	GlobalSection(NestedProjects) = preSolution
		{5519BF67-C87B-4039-806A-15190EAFDE28} = {794C8D2B-C344-41B3-9B80-94BB3966E3DD}
		{BD7F0675-BF83-4F8C-B55E-FA28882F46D8} = {794C8D2B-C344-41B3-9B80-94BB3966E3DD}
		{FC6FCF85-C852-4496-92AC-10214FC74783} = {794C8D2B-C344-41B3-9B80-94BB3966E3DD}
		{79D4A89F-165B-4541-8EDB-85C1F9EF5C63} = {794C8D2B-C344-41B3-9B80-94BB3966E3DD}
	EndGlobalSection
	GlobalSection(ExtensibilityGlobals) = postSolution
		SolutionGuid = {4F5E6E83-28F9-4F69-A554-439357157F8F}
	EndGlobalSection
EndGlobal
